
Microsoft Visual Studio Solution File, Format Version 12.00
# Visual Studio Version 17
VisualStudioVersion = 17.9.34607.119
MinimumVisualStudioVersion = 10.0.40219.1
Project("{FAE04EC0-301F-11D3-BF4B-00C04F79EFBC}") = "FilmsList", "FilmsList\FilmsList.csproj", "{851DB0CB-2756-44B3-B414-F8E4233CB9B5}"
EndProject
Global
	GlobalSection(SolutionConfigurationPlatforms) = preSolution
		Debug|Any CPU = Debug|Any CPU
		Release|Any CPU = Release|Any CPU
	EndGlobalSection
	GlobalSection(ProjectConfigurationPlatforms) = postSolution
		{851DB0CB-2756-44B3-B414-F8E4233CB9B5}.Debug|Any CPU.ActiveCfg = Debug|Any CPU
		{851DB0CB-2756-44B3-B414-F8E4233CB9B5}.Debug|Any CPU.Build.0 = Debug|Any CPU
		{851DB0CB-2756-44B3-B414-F8E4233CB9B5}.Release|Any CPU.ActiveCfg = Release|Any CPU
		{851DB0CB-2756-44B3-B414-F8E4233CB9B5}.Release|Any CPU.Build.0 = Release|Any CPU
	EndGlobalSection
	GlobalSection(SolutionProperties) = preSolution
		HideSolutionNode = FALSE
	EndGlobalSection
	GlobalSection(ExtensibilityGlobals) = postSolution
		SolutionGuid = {DEEA356B-1F0C-436B-8AE6-8EDE4734D391}
	EndGlobalSection
EndGlobal
